
Microsoft Visual Studio Solution File, Format Version 11.00
# Visual Studio 2010
Project("{8BC9CEB8-8B4A-11D0-8D11-00A0C91BC942}") = "AlgebraLinear", "AlgebraLinear\AlgebraLinear.vcxproj", "{9FC7616E-5775-45BF-9037-C7C2D3ABA831}"
EndProject
Global
	GlobalSection(SolutionConfigurationPlatforms) = preSolution
		Debug|Win32 = Debug|Win32
		Release|Win32 = Release|Win32
	EndGlobalSection
	GlobalSection(ProjectConfigurationPlatforms) = postSolution
		{9FC7616E-5775-45BF-9037-C7C2D3ABA831}.Debug|Win32.ActiveCfg = Debug|Win32
		{9FC7616E-5775-45BF-9037-C7C2D3ABA831}.Debug|Win32.Build.0 = Debug|Win32
		{9FC7616E-5775-45BF-9037-C7C2D3ABA831}.Release|Win32.ActiveCfg = Release|Win32
		{9FC7616E-5775-45BF-9037-C7C2D3ABA831}.Release|Win32.Build.0 = Release|Win32
	EndGlobalSection
	GlobalSection(SolutionProperties) = preSolution
		HideSolutionNode = FALSE
	EndGlobalSection
EndGlobal
